// !$*UTF8*$!
{
	archiveVersion = 1;
	classes = {
	};
	objectVersion = 50;
	objects = {

/* Begin PBXBuildFile section */
		DB0A86A423262CD600A23E9C /* AppDelegate.swift in Sources */ = {isa = PBXBuildFile; fileRef = DB0A86A323262CD600A23E9C /* AppDelegate.swift */; };
		DB0A86A623262CD600A23E9C /* MainViewController.swift in Sources */ = {isa = PBXBuildFile; fileRef = DB0A86A523262CD600A23E9C /* MainViewController.swift */; };
		DB0A86A923262CD600A23E9C /* Main.storyboard in Resources */ = {isa = PBXBuildFile; fileRef = DB0A86A723262CD600A23E9C /* Main.storyboard */; };
		DB0A86AB23262CD700A23E9C /* Assets.xcassets in Resources */ = {isa = PBXBuildFile; fileRef = DB0A86AA23262CD700A23E9C /* Assets.xcassets */; };
		DB0A86AE23262CD700A23E9C /* LaunchScreen.storyboard in Resources */ = {isa = PBXBuildFile; fileRef = DB0A86AC23262CD700A23E9C /* LaunchScreen.storyboard */; };
		DB0A86B623263D9000A23E9C /* DetailViewController.swift in Sources */ = {isa = PBXBuildFile; fileRef = DB0A86B523263D9000A23E9C /* DetailViewController.swift */; };
		DB0A86B82326521600A23E9C /* CollectionViewCell.swift in Sources */ = {isa = PBXBuildFile; fileRef = DB0A86B72326521600A23E9C /* CollectionViewCell.swift */; };
		DBAB90F3232785CD008AEE3E /* SectionHeader.swift in Sources */ = {isa = PBXBuildFile; fileRef = DBAB90F2232785CD008AEE3E /* SectionHeader.swift */; };
		DBE67824232898EA00B13B52 /* Park.swift in Sources */ = {isa = PBXBuildFile; fileRef = DBE67823232898EA00B13B52 /* Park.swift */; };
		DBE678292328990B00B13B52 /* DataSource.swift in Sources */ = {isa = PBXBuildFile; fileRef = DBE678252328990B00B13B52 /* DataSource.swift */; };
		DBE6782A2328990B00B13B52 /* Photo Attribution.txt in Resources */ = {isa = PBXBuildFile; fileRef = DBE678262328990B00B13B52 /* Photo Attribution.txt */; };
		DBE6782B2328990B00B13B52 /* Section.swift in Sources */ = {isa = PBXBuildFile; fileRef = DBE678272328990B00B13B52 /* Section.swift */; };
		DBE6782C2328990B00B13B52 /* NationalParks.plist in Resources */ = {isa = PBXBuildFile; fileRef = DBE678282328990B00B13B52 /* NationalParks.plist */; };
/* End PBXBuildFile section */

/* Begin PBXFileReference section */
		DB0A86A023262CD600A23E9C /* CollectionViewDemo.app */ = {isa = PBXFileReference; explicitFileType = wrapper.application; includeInIndex = 0; path = CollectionViewDemo.app; sourceTree = BUILT_PRODUCTS_DIR; };
		DB0A86A323262CD600A23E9C /* AppDelegate.swift */ = {isa = PBXFileReference; lastKnownFileType = sourcecode.swift; path = AppDelegate.swift; sourceTree = "<group>"; };
		DB0A86A523262CD600A23E9C /* MainViewController.swift */ = {isa = PBXFileReference; lastKnownFileType = sourcecode.swift; path = MainViewController.swift; sourceTree = "<group>"; };
		DB0A86A823262CD600A23E9C /* Base */ = {isa = PBXFileReference; lastKnownFileType = file.storyboard; name = Base; path = Base.lproj/Main.storyboard; sourceTree = "<group>"; };
		DB0A86AA23262CD700A23E9C /* Assets.xcassets */ = {isa = PBXFileReference; lastKnownFileType = folder.assetcatalog; path = Assets.xcassets; sourceTree = "<group>"; };
		DB0A86AD23262CD700A23E9C /* Base */ = {isa = PBXFileReference; lastKnownFileType = file.storyboard; name = Base; path = Base.lproj/LaunchScreen.storyboard; sourceTree = "<group>"; };
		DB0A86AF23262CD700A23E9C /* Info.plist */ = {isa = PBXFileReference; lastKnownFileType = text.plist.xml; path = Info.plist; sourceTree = "<group>"; };
		DB0A86B523263D9000A23E9C /* DetailViewController.swift */ = {isa = PBXFileReference; lastKnownFileType = sourcecode.swift; path = DetailViewController.swift; sourceTree = "<group>"; };
		DB0A86B72326521600A23E9C /* CollectionViewCell.swift */ = {isa = PBXFileReference; lastKnownFileType = sourcecode.swift; path = CollectionViewCell.swift; sourceTree = "<group>"; };
		DBAB90F2232785CD008AEE3E /* SectionHeader.swift */ = {isa = PBXFileReference; lastKnownFileType = sourcecode.swift; path = SectionHeader.swift; sourceTree = "<group>"; };
		DBE67823232898EA00B13B52 /* Park.swift */ = {isa = PBXFileReference; fileEncoding = 4; lastKnownFileType = sourcecode.swift; path = Park.swift; sourceTree = "<group>"; };
		DBE678252328990B00B13B52 /* DataSource.swift */ = {isa = PBXFileReference; fileEncoding = 4; lastKnownFileType = sourcecode.swift; path = DataSource.swift; sourceTree = "<group>"; };
		DBE678262328990B00B13B52 /* Photo Attribution.txt */ = {isa = PBXFileReference; fileEncoding = 4; lastKnownFileType = text; path = "Photo Attribution.txt"; sourceTree = "<group>"; };
		DBE678272328990B00B13B52 /* Section.swift */ = {isa = PBXFileReference; fileEncoding = 4; lastKnownFileType = sourcecode.swift; path = Section.swift; sourceTree = "<group>"; };
		DBE678282328990B00B13B52 /* NationalParks.plist */ = {isa = PBXFileReference; fileEncoding = 4; lastKnownFileType = text.plist.xml; path = NationalParks.plist; sourceTree = "<group>"; };
/* End PBXFileReference section */

/* Begin PBXFrameworksBuildPhase section */
		DB0A869D23262CD600A23E9C /* Frameworks */ = {
			isa = PBXFrameworksBuildPhase;
			buildActionMask = 2147483647;
			files = (
			);
			runOnlyForDeploymentPostprocessing = 0;
		};
/* End PBXFrameworksBuildPhase section */

/* Begin PBXGroup section */
		DB0A869723262CD600A23E9C = {
			isa = PBXGroup;
			children = (
				DB0A86A223262CD600A23E9C /* CollectionViewDemo */,
				DB0A86A123262CD600A23E9C /* Products */,
			);
			sourceTree = "<group>";
		};
		DB0A86A123262CD600A23E9C /* Products */ = {
			isa = PBXGroup;
			children = (
				DB0A86A023262CD600A23E9C /* CollectionViewDemo.app */,
			);
			name = Products;
			sourceTree = "<group>";
		};
		DB0A86A223262CD600A23E9C /* CollectionViewDemo */ = {
			isa = PBXGroup;
			children = (
				DBAB90E123274E77008AEE3E /* cells */,
				DBAB90E023274E6F008AEE3E /* views */,
				DBAB90E223274E7E008AEE3E /* data */,
				DBAB90E323274E83008AEE3E /* resources */,
				DBAB90E423274E9B008AEE3E /* vc */,
				DB0A86A323262CD600A23E9C /* AppDelegate.swift */,
				DB0A86AF23262CD700A23E9C /* Info.plist */,
			);
			path = CollectionViewDemo;
			sourceTree = "<group>";
		};
		DBAB90E023274E6F008AEE3E /* views */ = {
			isa = PBXGroup;
			children = (
			);
			path = views;
			sourceTree = "<group>";
		};
		DBAB90E123274E77008AEE3E /* cells */ = {
			isa = PBXGroup;
			children = (
				DB0A86B72326521600A23E9C /* CollectionViewCell.swift */,
				DBAB90F2232785CD008AEE3E /* SectionHeader.swift */,
			);
			path = cells;
			sourceTree = "<group>";
		};
		DBAB90E223274E7E008AEE3E /* data */ = {
			isa = PBXGroup;
			children = (
				DBE678282328990B00B13B52 /* NationalParks.plist */,
				DBE678252328990B00B13B52 /* DataSource.swift */,
				DBE678262328990B00B13B52 /* Photo Attribution.txt */,
				DBE678272328990B00B13B52 /* Section.swift */,
				DBE67823232898EA00B13B52 /* Park.swift */,
			);
			path = data;
			sourceTree = "<group>";
		};
		DBAB90E323274E83008AEE3E /* resources */ = {
			isa = PBXGroup;
			children = (
				DB0A86A723262CD600A23E9C /* Main.storyboard */,
				DB0A86AA23262CD700A23E9C /* Assets.xcassets */,
				DB0A86AC23262CD700A23E9C /* LaunchScreen.storyboard */,
			);
			name = resources;
			path = "réource";
			sourceTree = "<group>";
		};
		DBAB90E423274E9B008AEE3E /* vc */ = {
			isa = PBXGroup;
			children = (
				DB0A86A523262CD600A23E9C /* MainViewController.swift */,
				DB0A86B523263D9000A23E9C /* DetailViewController.swift */,
			);
			path = vc;
			sourceTree = "<group>";
		};
/* End PBXGroup section */

/* Begin PBXNativeTarget section */
		DB0A869F23262CD600A23E9C /* CollectionViewDemo */ = {
			isa = PBXNativeTarget;
			buildConfigurationList = DB0A86B223262CD700A23E9C /* Build configuration list for PBXNativeTarget "CollectionViewDemo" */;
			buildPhases = (
				DB0A869C23262CD600A23E9C /* Sources */,
				DB0A869D23262CD600A23E9C /* Frameworks */,
				DB0A869E23262CD600A23E9C /* Resources */,
			);
			buildRules = (
			);
			dependencies = (
			);
			name = CollectionViewDemo;
			productName = CollectionViewDemo;
			productReference = DB0A86A023262CD600A23E9C /* CollectionViewDemo.app */;
			productType = "com.apple.product-type.application";
		};
/* End PBXNativeTarget section */

/* Begin PBXProject section */
		DB0A869823262CD600A23E9C /* Project object */ = {
			isa = PBXProject;
			attributes = {
				LastSwiftUpdateCheck = 1030;
				LastUpgradeCheck = 1030;
				ORGANIZATIONNAME = idocnet;
				TargetAttributes = {
					DB0A869F23262CD600A23E9C = {
						CreatedOnToolsVersion = 10.3;
					};
				};
			};
			buildConfigurationList = DB0A869B23262CD600A23E9C /* Build configuration list for PBXProject "CollectionViewDemo" */;
			compatibilityVersion = "Xcode 9.3";
			developmentRegion = en;
			hasScannedForEncodings = 0;
			knownRegions = (
				en,
				Base,
			);
			mainGroup = DB0A869723262CD600A23E9C;
			productRefGroup = DB0A86A123262CD600A23E9C /* Products */;
			projectDirPath = "";
			projectRoot = "";
			targets = (
				DB0A869F23262CD600A23E9C /* CollectionViewDemo */,
			);
		};
/* End PBXProject section */

/* Begin PBXResourcesBuildPhase section */
		DB0A869E23262CD600A23E9C /* Resources */ = {
			isa = PBXResourcesBuildPhase;
			buildActionMask = 2147483647;
			files = (
				DBE6782C2328990B00B13B52 /* NationalParks.plist in Resources */,
				DBE6782A2328990B00B13B52 /* Photo Attribution.txt in Resources */,
				DB0A86AE23262CD700A23E9C /* LaunchScreen.storyboard in Resources */,
				DB0A86AB23262CD700A23E9C /* Assets.xcassets in Resources */,
				DB0A86A923262CD600A23E9C /* Main.storyboard in Resources */,
			);
			runOnlyForDeploymentPostprocessing = 0;
		};
/* End PBXResourcesBuildPhase section */

/* Begin PBXSourcesBuildPhase section */
		DB0A869C23262CD600A23E9C /* Sources */ = {
			isa = PBXSourcesBuildPhase;
			buildActionMask = 2147483647;
			files = (
				DBE678292328990B00B13B52 /* DataSource.swift in Sources */,
				DB0A86B623263D9000A23E9C /* DetailViewController.swift in Sources */,
				DB0A86A623262CD600A23E9C /* MainViewController.swift in Sources */,
				DBAB90F3232785CD008AEE3E /* SectionHeader.swift in Sources */,
				DB0A86B82326521600A23E9C /* CollectionViewCell.swift in Sources */,
				DBE6782B2328990B00B13B52 /* Section.swift in Sources */,
				DBE67824232898EA00B13B52 /* Park.swift in Sources */,
				DB0A86A423262CD600A23E9C /* AppDelegate.swift in Sources */,
			);
			runOnlyForDeploymentPostprocessing = 0;
		};
/* End PBXSourcesBuildPhase section */

/* Begin PBXVariantGroup section */
		DB0A86A723262CD600A23E9C /* Main.storyboard */ = {
			isa = PBXVariantGroup;
			children = (
				DB0A86A823262CD600A23E9C /* Base */,
			);
			name = Main.storyboard;
			sourceTree = "<group>";
		};
		DB0A86AC23262CD700A23E9C /* LaunchScreen.storyboard */ = {
			isa = PBXVariantGroup;
			children = (
				DB0A86AD23262CD700A23E9C /* Base */,
			);
			name = LaunchScreen.storyboard;
			sourceTree = "<group>";
		};
/* End PBXVariantGroup section */

/* Begin XCBuildConfiguration section */
		DB0A86B023262CD700A23E9C /* Debug */ = {
			isa = XCBuildConfiguration;
			buildSettings = {
				ALWAYS_SEARCH_USER_PATHS = NO;
				CLANG_ANALYZER_NONNULL = YES;
				CLANG_ANALYZER_NUMBER_OBJECT_CONVERSION = YES_AGGRESSIVE;
				CLANG_CXX_LANGUAGE_STANDARD = "gnu++14";
				CLANG_CXX_LIBRARY = "libc++";
				CLANG_ENABLE_MODULES = YES;
				CLANG_ENABLE_OBJC_ARC = YES;
				CLANG_ENABLE_OBJC_WEAK = YES;
				CLANG_WARN_BLOCK_CAPTURE_AUTORELEASING = YES;
				CLANG_WARN_BOOL_CONVERSION = YES;
				CLANG_WARN_COMMA = YES;
				CLANG_WARN_CONSTANT_CONVERSION = YES;
				CLANG_WARN_DEPRECATED_OBJC_IMPLEMENTATIONS = YES;
				CLANG_WARN_DIRECT_OBJC_ISA_USAGE = YES_ERROR;
				CLANG_WARN_DOCUMENTATION_COMMENTS = YES;
				CLANG_WARN_EMPTY_BODY = YES;
				CLANG_WARN_ENUM_CONVERSION = YES;
				CLANG_WARN_INFINITE_RECURSION = YES;
				CLANG_WARN_INT_CONVERSION = YES;
				CLANG_WARN_NON_LITERAL_NULL_CONVERSION = YES;
				CLANG_WARN_OBJC_IMPLICIT_RETAIN_SELF = YES;
				CLANG_WARN_OBJC_LITERAL_CONVERSION = YES;
				CLANG_WARN_OBJC_ROOT_CLASS = YES_ERROR;
				CLANG_WARN_RANGE_LOOP_ANALYSIS = YES;
				CLANG_WARN_STRICT_PROTOTYPES = YES;
				CLANG_WARN_SUSPICIOUS_MOVE = YES;
				CLANG_WARN_UNGUARDED_AVAILABILITY = YES_AGGRESSIVE;
				CLANG_WARN_UNREACHABLE_CODE = YES;
				CLANG_WARN__DUPLICATE_METHOD_MATCH = YES;
				CODE_SIGN_IDENTITY = "iPhone Developer";
				COPY_PHASE_STRIP = NO;
				DEBUG_INFORMATION_FORMAT = dwarf;
				ENABLE_STRICT_OBJC_MSGSEND = YES;
				ENABLE_TESTABILITY = YES;
				GCC_C_LANGUAGE_STANDARD = gnu11;
				GCC_DYNAMIC_NO_PIC = NO;
				GCC_NO_COMMON_BLOCKS = YES;
				GCC_OPTIMIZATION_LEVEL = 0;
				GCC_PREPROCESSOR_DEFINITIONS = (
					"DEBUG=1",
					"$(inherited)",
				);
				GCC_WARN_64_TO_32_BIT_CONVERSION = YES;
				GCC_WARN_ABOUT_RETURN_TYPE = YES_ERROR;
				GCC_WARN_UNDECLARED_SELECTOR = YES;
				GCC_WARN_UNINITIALIZED_AUTOS = YES_AGGRESSIVE;
				GCC_WARN_UNUSED_FUNCTION = YES;
				GCC_WARN_UNUSED_VARIABLE = YES;
				IPHONEOS_DEPLOYMENT_TARGET = 12.4;
				MTL_ENABLE_DEBUG_INFO = INCLUDE_SOURCE;
				MTL_FAST_MATH = YES;
				ONLY_ACTIVE_ARCH = YES;
				SDKROOT = iphoneos;
				SWIFT_ACTIVE_COMPILATION_CONDITIONS = DEBUG;
				SWIFT_OPTIMIZATION_LEVEL = "-Onone";
			};
			name = Debug;
		};
		DB0A86B123262CD700A23E9C /* Release */ = {
			isa = XCBuildConfiguration;
			buildSettings = {
				ALWAYS_SEARCH_USER_PATHS = NO;
				CLANG_ANALYZER_NONNULL = YES;
				CLANG_ANALYZER_NUMBER_OBJECT_CONVERSION = YES_AGGRESSIVE;
				CLANG_CXX_LANGUAGE_STANDARD = "gnu++14";
				CLANG_CXX_LIBRARY = "libc++";
				CLANG_ENABLE_MODULES = YES;
				CLANG_ENABLE_OBJC_ARC = YES;
				CLANG_ENABLE_OBJC_WEAK = YES;
				CLANG_WARN_BLOCK_CAPTURE_AUTORELEASING = YES;
				CLANG_WARN_BOOL_CONVERSION = YES;
				CLANG_WARN_COMMA = YES;
				CLANG_WARN_CONSTANT_CONVERSION = YES;
				CLANG_WARN_DEPRECATED_OBJC_IMPLEMENTATIONS = YES;
				CLANG_WARN_DIRECT_OBJC_ISA_USAGE = YES_ERROR;
				CLANG_WARN_DOCUMENTATION_COMMENTS = YES;
				CLANG_WARN_EMPTY_BODY = YES;
				CLANG_WARN_ENUM_CONVERSION = YES;
				CLANG_WARN_INFINITE_RECURSION = YES;
				CLANG_WARN_INT_CONVERSION = YES;
				CLANG_WARN_NON_LITERAL_NULL_CONVERSION = YES;
				CLANG_WARN_OBJC_IMPLICIT_RETAIN_SELF = YES;
				CLANG_WARN_OBJC_LITERAL_CONVERSION = YES;
				CLANG_WARN_OBJC_ROOT_CLASS = YES_ERROR;
				CLANG_WARN_RANGE_LOOP_ANALYSIS = YES;
				CLANG_WARN_STRICT_PROTOTYPES = YES;
				CLANG_WARN_SUSPICIOUS_MOVE = YES;
				CLANG_WARN_UNGUARDED_AVAILABILITY = YES_AGGRESSIVE;
				CLANG_WARN_UNREACHABLE_CODE = YES;
				CLANG_WARN__DUPLICATE_METHOD_MATCH = YES;
				CODE_SIGN_IDENTITY = "iPhone Developer";
				COPY_PHASE_STRIP = NO;
				DEBUG_INFORMATION_FORMAT = "dwarf-with-dsym";
				ENABLE_NS_ASSERTIONS = NO;
				ENABLE_STRICT_OBJC_MSGSEND = YES;
				GCC_C_LANGUAGE_STANDARD = gnu11;
				GCC_NO_COMMON_BLOCKS = YES;
				GCC_WARN_64_TO_32_BIT_CONVERSION = YES;
				GCC_WARN_ABOUT_RETURN_TYPE = YES_ERROR;
				GCC_WARN_UNDECLARED_SELECTOR = YES;
				GCC_WARN_UNINITIALIZED_AUTOS = YES_AGGRESSIVE;
				GCC_WARN_UNUSED_FUNCTION = YES;
				GCC_WARN_UNUSED_VARIABLE = YES;
				IPHONEOS_DEPLOYMENT_TARGET = 12.4;
				MTL_ENABLE_DEBUG_INFO = NO;
				MTL_FAST_MATH = YES;
				SDKROOT = iphoneos;
				SWIFT_COMPILATION_MODE = wholemodule;
				SWIFT_OPTIMIZATION_LEVEL = "-O";
				VALIDATE_PRODUCT = YES;
			};
			name = Release;
		};
		DB0A86B323262CD700A23E9C /* Debug */ = {
			isa = XCBuildConfiguration;
			buildSettings = {
				ASSETCATALOG_COMPILER_APPICON_NAME = AppIcon;
				CODE_SIGN_STYLE = Automatic;
				DEVELOPMENT_TEAM = BBXTXXADT9;
				INFOPLIST_FILE = CollectionViewDemo/Info.plist;
				LD_RUNPATH_SEARCH_PATHS = (
					"$(inherited)",
					"@executable_path/Frameworks",
				);
				PRODUCT_BUNDLE_IDENTIFIER = com.idocnet.CollectionViewDemo;
				PRODUCT_NAME = "$(TARGET_NAME)";
				SWIFT_VERSION = 5.0;
				TARGETED_DEVICE_FAMILY = "1,2";
			};
			name = Debug;
		};
		DB0A86B423262CD700A23E9C /* Release */ = {
			isa = XCBuildConfiguration;
			buildSettings = {
				ASSETCATALOG_COMPILER_APPICON_NAME = AppIcon;
				CODE_SIGN_STYLE = Automatic;
				DEVELOPMENT_TEAM = BBXTXXADT9;
				INFOPLIST_FILE = CollectionViewDemo/Info.plist;
				LD_RUNPATH_SEARCH_PATHS = (
					"$(inherited)",
					"@executable_path/Frameworks",
				);
				PRODUCT_BUNDLE_IDENTIFIER = com.idocnet.CollectionViewDemo;
				PRODUCT_NAME = "$(TARGET_NAME)";
				SWIFT_VERSION = 5.0;
				TARGETED_DEVICE_FAMILY = "1,2";
			};
			name = Release;
		};
/* End XCBuildConfiguration section */

/* Begin XCConfigurationList section */
		DB0A869B23262CD600A23E9C /* Build configuration list for PBXProject "CollectionViewDemo" */ = {
			isa = XCConfigurationList;
			buildConfigurations = (
				DB0A86B023262CD700A23E9C /* Debug */,
				DB0A86B123262CD700A23E9C /* Release */,
			);
			defaultConfigurationIsVisible = 0;
			defaultConfigurationName = Release;
		};
		DB0A86B223262CD700A23E9C /* Build configuration list for PBXNativeTarget "CollectionViewDemo" */ = {
			isa = XCConfigurationList;
			buildConfigurations = (
				DB0A86B323262CD700A23E9C /* Debug */,
				DB0A86B423262CD700A23E9C /* Release */,
			);
			defaultConfigurationIsVisible = 0;
			defaultConfigurationName = Release;
		};
/* End XCConfigurationList section */
	};
	rootObject = DB0A869823262CD600A23E9C /* Project object */;
}
